
Microsoft Visual Studio Solution File, Format Version 12.00
# Visual Studio 15
VisualStudioVersion = 15.0.28307.1169
MinimumVisualStudioVersion = 10.0.40219.1
Project("{FAE04EC0-301F-11D3-BF4B-00C04F79EFBC}") = "ThreadAbort", "ThreadAbort\ThreadAbort.csproj", "{C381E462-B51F-434B-ACDE-41770A355F74}"
EndProject
Global
	GlobalSection(SolutionConfigurationPlatforms) = preSolution
		Debug|Any CPU = Debug|Any CPU
		Release|Any CPU = Release|Any CPU
	EndGlobalSection
	GlobalSection(ProjectConfigurationPlatforms) = postSolution
		{C381E462-B51F-434B-ACDE-41770A355F74}.Debug|Any CPU.ActiveCfg = Debug|Any CPU
		{C381E462-B51F-434B-ACDE-41770A355F74}.Debug|Any CPU.Build.0 = Debug|Any CPU
		{C381E462-B51F-434B-ACDE-41770A355F74}.Release|Any CPU.ActiveCfg = Release|Any CPU
		{C381E462-B51F-434B-ACDE-41770A355F74}.Release|Any CPU.Build.0 = Release|Any CPU
	EndGlobalSection
	GlobalSection(SolutionProperties) = preSolution
		HideSolutionNode = FALSE
	EndGlobalSection
	GlobalSection(ExtensibilityGlobals) = postSolution
		SolutionGuid = {2CB3510C-BA31-4E05-98B8-9395B65C601B}
	EndGlobalSection
EndGlobal
